
Microsoft Visual Studio Solution File, Format Version 12.00
# Visual Studio Version 16
VisualStudioVersion = 16.0.29806.167
MinimumVisualStudioVersion = 10.0.40219.1
Project("{9A19103F-16F7-4668-BE54-9A1E7A4F7556}") = "SingalRTest1", "SingalRTest1\SingalRTest1.csproj", "{C37D47AB-458F-4951-A477-6C7D9796F802}"
EndProject
Project("{9A19103F-16F7-4668-BE54-9A1E7A4F7556}") = "SingalRClient1", "SingalRClient1\SingalRClient1.csproj", "{CF193FC0-8B82-4B0C-B8CE-ADBF88598928}"
EndProject
Project("{FAE04EC0-301F-11D3-BF4B-00C04F79EFBC}") = "UwpWithSignalR", "UwpWithSignalR\UwpWithSignalR.csproj", "{B91B1732-3F8C-4C26-9E7D-B242BDEDA470}"
EndProject
Global
	GlobalSection(SolutionConfigurationPlatforms) = preSolution
		Debug|Any CPU = Debug|Any CPU
		Debug|ARM = Debug|ARM
		Debug|ARM64 = Debug|ARM64
		Debug|x64 = Debug|x64
		Debug|x86 = Debug|x86
		Release|Any CPU = Release|Any CPU
		Release|ARM = Release|ARM
		Release|ARM64 = Release|ARM64
		Release|x64 = Release|x64
		Release|x86 = Release|x86
	EndGlobalSection
	GlobalSection(ProjectConfigurationPlatforms) = postSolution
		{C37D47AB-458F-4951-A477-6C7D9796F802}.Debug|Any CPU.ActiveCfg = Debug|Any CPU
		{C37D47AB-458F-4951-A477-6C7D9796F802}.Debug|Any CPU.Build.0 = Debug|Any CPU
		{C37D47AB-458F-4951-A477-6C7D9796F802}.Debug|ARM.ActiveCfg = Debug|Any CPU
		{C37D47AB-458F-4951-A477-6C7D9796F802}.Debug|ARM.Build.0 = Debug|Any CPU
		{C37D47AB-458F-4951-A477-6C7D9796F802}.Debug|ARM64.ActiveCfg = Debug|Any CPU
		{C37D47AB-458F-4951-A477-6C7D9796F802}.Debug|ARM64.Build.0 = Debug|Any CPU
		{C37D47AB-458F-4951-A477-6C7D9796F802}.Debug|x64.ActiveCfg = Debug|Any CPU
		{C37D47AB-458F-4951-A477-6C7D9796F802}.Debug|x64.Build.0 = Debug|Any CPU
		{C37D47AB-458F-4951-A477-6C7D9796F802}.Debug|x86.ActiveCfg = Debug|Any CPU
		{C37D47AB-458F-4951-A477-6C7D9796F802}.Debug|x86.Build.0 = Debug|Any CPU
		{C37D47AB-458F-4951-A477-6C7D9796F802}.Release|Any CPU.ActiveCfg = Release|Any CPU
		{C37D47AB-458F-4951-A477-6C7D9796F802}.Release|Any CPU.Build.0 = Release|Any CPU
		{C37D47AB-458F-4951-A477-6C7D9796F802}.Release|ARM.ActiveCfg = Release|Any CPU
		{C37D47AB-458F-4951-A477-6C7D9796F802}.Release|ARM.Build.0 = Release|Any CPU
		{C37D47AB-458F-4951-A477-6C7D9796F802}.Release|ARM64.ActiveCfg = Release|Any CPU
		{C37D47AB-458F-4951-A477-6C7D9796F802}.Release|ARM64.Build.0 = Release|Any CPU
		{C37D47AB-458F-4951-A477-6C7D9796F802}.Release|x64.ActiveCfg = Release|Any CPU
		{C37D47AB-458F-4951-A477-6C7D9796F802}.Release|x64.Build.0 = Release|Any CPU
		{C37D47AB-458F-4951-A477-6C7D9796F802}.Release|x86.ActiveCfg = Release|Any CPU
		{C37D47AB-458F-4951-A477-6C7D9796F802}.Release|x86.Build.0 = Release|Any CPU
		{CF193FC0-8B82-4B0C-B8CE-ADBF88598928}.Debug|Any CPU.ActiveCfg = Debug|Any CPU
		{CF193FC0-8B82-4B0C-B8CE-ADBF88598928}.Debug|Any CPU.Build.0 = Debug|Any CPU
		{CF193FC0-8B82-4B0C-B8CE-ADBF88598928}.Debug|ARM.ActiveCfg = Debug|Any CPU
		{CF193FC0-8B82-4B0C-B8CE-ADBF88598928}.Debug|ARM.Build.0 = Debug|Any CPU
		{CF193FC0-8B82-4B0C-B8CE-ADBF88598928}.Debug|ARM64.ActiveCfg = Debug|Any CPU
		{CF193FC0-8B82-4B0C-B8CE-ADBF88598928}.Debug|ARM64.Build.0 = Debug|Any CPU
		{CF193FC0-8B82-4B0C-B8CE-ADBF88598928}.Debug|x64.ActiveCfg = Debug|Any CPU
		{CF193FC0-8B82-4B0C-B8CE-ADBF88598928}.Debug|x64.Build.0 = Debug|Any CPU
		{CF193FC0-8B82-4B0C-B8CE-ADBF88598928}.Debug|x86.ActiveCfg = Debug|Any CPU
		{CF193FC0-8B82-4B0C-B8CE-ADBF88598928}.Debug|x86.Build.0 = Debug|Any CPU
		{CF193FC0-8B82-4B0C-B8CE-ADBF88598928}.Release|Any CPU.ActiveCfg = Release|Any CPU
		{CF193FC0-8B82-4B0C-B8CE-ADBF88598928}.Release|Any CPU.Build.0 = Release|Any CPU
		{CF193FC0-8B82-4B0C-B8CE-ADBF88598928}.Release|ARM.ActiveCfg = Release|Any CPU
		{CF193FC0-8B82-4B0C-B8CE-ADBF88598928}.Release|ARM.Build.0 = Release|Any CPU
		{CF193FC0-8B82-4B0C-B8CE-ADBF88598928}.Release|ARM64.ActiveCfg = Release|Any CPU
		{CF193FC0-8B82-4B0C-B8CE-ADBF88598928}.Release|ARM64.Build.0 = Release|Any CPU
		{CF193FC0-8B82-4B0C-B8CE-ADBF88598928}.Release|x64.ActiveCfg = Release|Any CPU
		{CF193FC0-8B82-4B0C-B8CE-ADBF88598928}.Release|x64.Build.0 = Release|Any CPU
		{CF193FC0-8B82-4B0C-B8CE-ADBF88598928}.Release|x86.ActiveCfg = Release|Any CPU
		{CF193FC0-8B82-4B0C-B8CE-ADBF88598928}.Release|x86.Build.0 = Release|Any CPU
		{B91B1732-3F8C-4C26-9E7D-B242BDEDA470}.Debug|Any CPU.ActiveCfg = Debug|x86
		{B91B1732-3F8C-4C26-9E7D-B242BDEDA470}.Debug|ARM.ActiveCfg = Debug|ARM
		{B91B1732-3F8C-4C26-9E7D-B242BDEDA470}.Debug|ARM.Build.0 = Debug|ARM
		{B91B1732-3F8C-4C26-9E7D-B242BDEDA470}.Debug|ARM.Deploy.0 = Debug|ARM
		{B91B1732-3F8C-4C26-9E7D-B242BDEDA470}.Debug|ARM64.ActiveCfg = Debug|ARM64
		{B91B1732-3F8C-4C26-9E7D-B242BDEDA470}.Debug|ARM64.Build.0 = Debug|ARM64
		{B91B1732-3F8C-4C26-9E7D-B242BDEDA470}.Debug|ARM64.Deploy.0 = Debug|ARM64
		{B91B1732-3F8C-4C26-9E7D-B242BDEDA470}.Debug|x64.ActiveCfg = Debug|x64
		{B91B1732-3F8C-4C26-9E7D-B242BDEDA470}.Debug|x64.Build.0 = Debug|x64
		{B91B1732-3F8C-4C26-9E7D-B242BDEDA470}.Debug|x64.Deploy.0 = Debug|x64
		{B91B1732-3F8C-4C26-9E7D-B242BDEDA470}.Debug|x86.ActiveCfg = Debug|x86
		{B91B1732-3F8C-4C26-9E7D-B242BDEDA470}.Debug|x86.Build.0 = Debug|x86
		{B91B1732-3F8C-4C26-9E7D-B242BDEDA470}.Debug|x86.Deploy.0 = Debug|x86
		{B91B1732-3F8C-4C26-9E7D-B242BDEDA470}.Release|Any CPU.ActiveCfg = Release|x86
		{B91B1732-3F8C-4C26-9E7D-B242BDEDA470}.Release|ARM.ActiveCfg = Release|ARM
		{B91B1732-3F8C-4C26-9E7D-B242BDEDA470}.Release|ARM.Build.0 = Release|ARM
		{B91B1732-3F8C-4C26-9E7D-B242BDEDA470}.Release|ARM.Deploy.0 = Release|ARM
		{B91B1732-3F8C-4C26-9E7D-B242BDEDA470}.Release|ARM64.ActiveCfg = Release|ARM64
		{B91B1732-3F8C-4C26-9E7D-B242BDEDA470}.Release|ARM64.Build.0 = Release|ARM64
		{B91B1732-3F8C-4C26-9E7D-B242BDEDA470}.Release|ARM64.Deploy.0 = Release|ARM64
		{B91B1732-3F8C-4C26-9E7D-B242BDEDA470}.Release|x64.ActiveCfg = Release|x64
		{B91B1732-3F8C-4C26-9E7D-B242BDEDA470}.Release|x64.Build.0 = Release|x64
		{B91B1732-3F8C-4C26-9E7D-B242BDEDA470}.Release|x64.Deploy.0 = Release|x64
		{B91B1732-3F8C-4C26-9E7D-B242BDEDA470}.Release|x86.ActiveCfg = Release|x86
		{B91B1732-3F8C-4C26-9E7D-B242BDEDA470}.Release|x86.Build.0 = Release|x86
		{B91B1732-3F8C-4C26-9E7D-B242BDEDA470}.Release|x86.Deploy.0 = Release|x86
	EndGlobalSection
	GlobalSection(SolutionProperties) = preSolution
		HideSolutionNode = FALSE
	EndGlobalSection
	GlobalSection(ExtensibilityGlobals) = postSolution
		SolutionGuid = {8C4A8AE1-EC63-466A-A5FC-DB384E22550A}
	EndGlobalSection
EndGlobal
